
Microsoft Visual Studio Solution File, Format Version 12.00
# Visual Studio Version 17
VisualStudioVersion = 17.4.33205.214
MinimumVisualStudioVersion = 10.0.40219.1
Project("{FAE04EC0-301F-11D3-BF4B-00C04F79EFBC}") = "Dotnet6GracefulShutdownDocker", "Dotnet6GracefulShutdownDocker.csproj", "{97CC46D1-F683-485D-B192-86CB566507CE}"
EndProject
Global
	GlobalSection(SolutionConfigurationPlatforms) = preSolution
		Debug|Any CPU = Debug|Any CPU
		Release|Any CPU = Release|Any CPU
	EndGlobalSection
	GlobalSection(ProjectConfigurationPlatforms) = postSolution
		{97CC46D1-F683-485D-B192-86CB566507CE}.Debug|Any CPU.ActiveCfg = Debug|Any CPU
		{97CC46D1-F683-485D-B192-86CB566507CE}.Debug|Any CPU.Build.0 = Debug|Any CPU
		{97CC46D1-F683-485D-B192-86CB566507CE}.Release|Any CPU.ActiveCfg = Release|Any CPU
		{97CC46D1-F683-485D-B192-86CB566507CE}.Release|Any CPU.Build.0 = Release|Any CPU
	EndGlobalSection
	GlobalSection(SolutionProperties) = preSolution
		HideSolutionNode = FALSE
	EndGlobalSection
	GlobalSection(ExtensibilityGlobals) = postSolution
		SolutionGuid = {AECB9251-6847-4215-9B22-765546FF5F40}
	EndGlobalSection
EndGlobal
